
Microsoft Visual Studio Solution File, Format Version 12.00
# Visual Studio 15
VisualStudioVersion = 15.0.28307.572
MinimumVisualStudioVersion = 10.0.40219.1
Project("{FAE04EC0-301F-11D3-BF4B-00C04F79EFBC}") = "UsefulTrophiesAgain", "UsefulTrophiesAgain\UsefulTrophiesAgain.csproj", "{B924561B-3250-4173-A060-5460889046AA}"
EndProject
Global
	GlobalSection(SolutionConfigurationPlatforms) = preSolution
		Debug|Any CPU = Debug|Any CPU
		Release|Any CPU = Release|Any CPU
	EndGlobalSection
	GlobalSection(ProjectConfigurationPlatforms) = postSolution
		{B924561B-3250-4173-A060-5460889046AA}.Debug|Any CPU.ActiveCfg = Debug|Any CPU
		{B924561B-3250-4173-A060-5460889046AA}.Debug|Any CPU.Build.0 = Debug|Any CPU
		{B924561B-3250-4173-A060-5460889046AA}.Release|Any CPU.ActiveCfg = Release|Any CPU
		{B924561B-3250-4173-A060-5460889046AA}.Release|Any CPU.Build.0 = Release|Any CPU
	EndGlobalSection
	GlobalSection(SolutionProperties) = preSolution
		HideSolutionNode = FALSE
	EndGlobalSection
	GlobalSection(ExtensibilityGlobals) = postSolution
		SolutionGuid = {3B00AAEF-887B-42F6-97B7-BAE4913D9C3D}
	EndGlobalSection
EndGlobal
